
Microsoft Visual Studio Solution File, Format Version 12.00
# Visual Studio 14
VisualStudioVersion = 14.0.25420.1
MinimumVisualStudioVersion = 10.0.40219.1
Project("{FAE04EC0-301F-11D3-BF4B-00C04F79EFBC}") = "AspNet-RssReader-WebUI", "AspNet-RssReader-WebUI\AspNet-RssReader-WebUI.csproj", "{6044C4CD-D417-45B4-8D21-F9FE85087684}"
EndProject
Project("{FAE04EC0-301F-11D3-BF4B-00C04F79EFBC}") = "AspNet-RssReader-Domain", "AspNet-RssReader-Domain\AspNet-RssReader-Domain.csproj", "{C364524B-8A37-4628-8D8B-8FA0057FF4D4}"
EndProject
Project("{FAE04EC0-301F-11D3-BF4B-00C04F79EFBC}") = "CSharp-HtmlParser-Library", "..\CSharp-HtmlParser\CSharp-HtmlParser-Library\CSharp-HtmlParser-Library.csproj", "{874B41EA-18D4-45C3-A08B-67FCD0227740}"
EndProject
Global
	GlobalSection(SolutionConfigurationPlatforms) = preSolution
		Debug|Any CPU = Debug|Any CPU
		Release|Any CPU = Release|Any CPU
	EndGlobalSection
	GlobalSection(ProjectConfigurationPlatforms) = postSolution
		{6044C4CD-D417-45B4-8D21-F9FE85087684}.Debug|Any CPU.ActiveCfg = Debug|Any CPU
		{6044C4CD-D417-45B4-8D21-F9FE85087684}.Debug|Any CPU.Build.0 = Debug|Any CPU
		{6044C4CD-D417-45B4-8D21-F9FE85087684}.Release|Any CPU.ActiveCfg = Release|Any CPU
		{6044C4CD-D417-45B4-8D21-F9FE85087684}.Release|Any CPU.Build.0 = Release|Any CPU
		{C364524B-8A37-4628-8D8B-8FA0057FF4D4}.Debug|Any CPU.ActiveCfg = Debug|Any CPU
		{C364524B-8A37-4628-8D8B-8FA0057FF4D4}.Debug|Any CPU.Build.0 = Debug|Any CPU
		{C364524B-8A37-4628-8D8B-8FA0057FF4D4}.Release|Any CPU.ActiveCfg = Release|Any CPU
		{C364524B-8A37-4628-8D8B-8FA0057FF4D4}.Release|Any CPU.Build.0 = Release|Any CPU
		{874B41EA-18D4-45C3-A08B-67FCD0227740}.Debug|Any CPU.ActiveCfg = Debug|Any CPU
		{874B41EA-18D4-45C3-A08B-67FCD0227740}.Debug|Any CPU.Build.0 = Debug|Any CPU
		{874B41EA-18D4-45C3-A08B-67FCD0227740}.Release|Any CPU.ActiveCfg = Release|Any CPU
		{874B41EA-18D4-45C3-A08B-67FCD0227740}.Release|Any CPU.Build.0 = Release|Any CPU
	EndGlobalSection
	GlobalSection(SolutionProperties) = preSolution
		HideSolutionNode = FALSE
	EndGlobalSection
EndGlobal
